
Microsoft Visual Studio Solution File, Format Version 12.00
# Visual Studio Version 16
VisualStudioVersion = 16.0.30907.101
MinimumVisualStudioVersion = 10.0.40219.1
Project("{FAE04EC0-301F-11D3-BF4B-00C04F79EFBC}") = "AesProg", "AesProg\AesProg.csproj", "{B45B6666-EF5B-453B-8739-C24F92DDAA8B}"
EndProject
Global
	GlobalSection(SolutionConfigurationPlatforms) = preSolution
		Debug|Any CPU = Debug|Any CPU
		Release|Any CPU = Release|Any CPU
	EndGlobalSection
	GlobalSection(ProjectConfigurationPlatforms) = postSolution
		{B45B6666-EF5B-453B-8739-C24F92DDAA8B}.Debug|Any CPU.ActiveCfg = Debug|Any CPU
		{B45B6666-EF5B-453B-8739-C24F92DDAA8B}.Debug|Any CPU.Build.0 = Debug|Any CPU
		{B45B6666-EF5B-453B-8739-C24F92DDAA8B}.Release|Any CPU.ActiveCfg = Release|Any CPU
		{B45B6666-EF5B-453B-8739-C24F92DDAA8B}.Release|Any CPU.Build.0 = Release|Any CPU
	EndGlobalSection
	GlobalSection(SolutionProperties) = preSolution
		HideSolutionNode = FALSE
	EndGlobalSection
	GlobalSection(ExtensibilityGlobals) = postSolution
		SolutionGuid = {531EE406-DF1C-46DF-A961-A2AC4D82BB53}
	EndGlobalSection
EndGlobal
